
Microsoft Visual Studio Solution File, Format Version 12.00
# Visual Studio Version 17
VisualStudioVersion = 17.2.32630.192
MinimumVisualStudioVersion = 10.0.40219.1
Project("{FAE04EC0-301F-11D3-BF4B-00C04F79EFBC}") = "Assignment2", "Assignment2\Assignment2.csproj", "{BF8A2E2F-2F89-4DB4-B259-E3E3DAF1255E}"
EndProject
Global
	GlobalSection(SolutionConfigurationPlatforms) = preSolution
		Debug|Any CPU = Debug|Any CPU
		Release|Any CPU = Release|Any CPU
	EndGlobalSection
	GlobalSection(ProjectConfigurationPlatforms) = postSolution
		{BF8A2E2F-2F89-4DB4-B259-E3E3DAF1255E}.Debug|Any CPU.ActiveCfg = Debug|Any CPU
		{BF8A2E2F-2F89-4DB4-B259-E3E3DAF1255E}.Debug|Any CPU.Build.0 = Debug|Any CPU
		{BF8A2E2F-2F89-4DB4-B259-E3E3DAF1255E}.Release|Any CPU.ActiveCfg = Release|Any CPU
		{BF8A2E2F-2F89-4DB4-B259-E3E3DAF1255E}.Release|Any CPU.Build.0 = Release|Any CPU
	EndGlobalSection
	GlobalSection(SolutionProperties) = preSolution
		HideSolutionNode = FALSE
	EndGlobalSection
	GlobalSection(ExtensibilityGlobals) = postSolution
		SolutionGuid = {9A3DD698-8B04-46A0-A5F1-CE855B4D4AC7}
	EndGlobalSection
EndGlobal
